dependencies:
- name: common
  repository: https://bjw-s.github.io/helm-charts/
  version: 0.2.2
- name: nats
  repository: https://nats-io.github.io/k8s/helm/charts/
  version: 0.18.2
- name: common
  repository: https://bjw-s.github.io/helm-charts/
  version: 0.2.2
- name: common
  repository: https://bjw-s.github.io/helm-charts/
  version: 0.2.2
- name: common
  repository: https://bjw-s.github.io/helm-charts/
  version: 0.2.2
- name: common
  repository: https://bjw-s.github.io/helm-charts/
  version: 0.2.2
- name: common
  repository: https://bjw-s.github.io/helm-charts/
  version: 0.2.2
- name: common
  repository: https://bjw-s.github.io/helm-charts/
  version: 0.2.2
- name: common
  repository: https://bjw-s.github.io/helm-charts/
  version: 0.2.2
- name: common
  repository: https://bjw-s.github.io/helm-charts/
  version: 0.2.2
digest: sha256:09668a0807c80c2d4756890911fed1894c7776c627ecf2cf3e28a4c9b5b86a42
generated: "2022-12-05T17:15:45.2062181-05:00"
